// !$*UTF8*$!
{
	archiveVersion = 1;
	classes = {
	};
	objectVersion = 56;
	objects = {

/* Begin PBXBuildFile section */
		2C8AA6622ACD6EC900142A47 /* AppDelegate.swift in Sources */ = {isa = PBXBuildFile; fileRef = 2C8AA6612ACD6EC900142A47 /* AppDelegate.swift */; };
		2C8AA6642ACD6EC900142A47 /* SceneDelegate.swift in Sources */ = {isa = PBXBuildFile; fileRef = 2C8AA6632ACD6EC900142A47 /* SceneDelegate.swift */; };
		2C8AA6662ACD6EC900142A47 /* MainCollectionViewController.swift in Sources */ = {isa = PBXBuildFile; fileRef = 2C8AA6652ACD6EC900142A47 /* MainCollectionViewController.swift */; };
		2C8AA6692ACD6EC900142A47 /* Main.storyboard in Resources */ = {isa = PBXBuildFile; fileRef = 2C8AA6672ACD6EC900142A47 /* Main.storyboard */; };
		2C8AA66B2ACD6ECA00142A47 /* Assets.xcassets in Resources */ = {isa = PBXBuildFile; fileRef = 2C8AA66A2ACD6ECA00142A47 /* Assets.xcassets */; };
		2C8AA66E2ACD6ECA00142A47 /* LaunchScreen.storyboard in Resources */ = {isa = PBXBuildFile; fileRef = 2C8AA66C2ACD6ECA00142A47 /* LaunchScreen.storyboard */; };
		2C8AA6762ACD710F00142A47 /* PersonCollectionViewCell.swift in Sources */ = {isa = PBXBuildFile; fileRef = 2C8AA6752ACD710F00142A47 /* PersonCollectionViewCell.swift */; };
		2C90B6F42ACF0CC500682DD3 /* Person.swift in Sources */ = {isa = PBXBuildFile; fileRef = 2C90B6F32ACF0CC500682DD3 /* Person.swift */; };
/* End PBXBuildFile section */

/* Begin PBXFileReference section */
		2C8AA65E2ACD6EC900142A47 /* Project 12b - UserDefaults.app */ = {isa = PBXFileReference; explicitFileType = wrapper.application; includeInIndex = 0; path = "Project 12b - UserDefaults.app"; sourceTree = BUILT_PRODUCTS_DIR; };
		2C8AA6612ACD6EC900142A47 /* AppDelegate.swift */ = {isa = PBXFileReference; lastKnownFileType = sourcecode.swift; path = AppDelegate.swift; sourceTree = "<group>"; };
		2C8AA6632ACD6EC900142A47 /* SceneDelegate.swift */ = {isa = PBXFileReference; lastKnownFileType = sourcecode.swift; path = SceneDelegate.swift; sourceTree = "<group>"; };
		2C8AA6652ACD6EC900142A47 /* MainCollectionViewController.swift */ = {isa = PBXFileReference; lastKnownFileType = sourcecode.swift; path = MainCollectionViewController.swift; sourceTree = "<group>"; };
		2C8AA6682ACD6EC900142A47 /* Base */ = {isa = PBXFileReference; lastKnownFileType = file.storyboard; name = Base; path = Base.lproj/Main.storyboard; sourceTree = "<group>"; };
		2C8AA66A2ACD6ECA00142A47 /* Assets.xcassets */ = {isa = PBXFileReference; lastKnownFileType = folder.assetcatalog; path = Assets.xcassets; sourceTree = "<group>"; };
		2C8AA66D2ACD6ECA00142A47 /* Base */ = {isa = PBXFileReference; lastKnownFileType = file.storyboard; name = Base; path = Base.lproj/LaunchScreen.storyboard; sourceTree = "<group>"; };
		2C8AA66F2ACD6ECA00142A47 /* Info.plist */ = {isa = PBXFileReference; lastKnownFileType = text.plist.xml; path = Info.plist; sourceTree = "<group>"; };
		2C8AA6752ACD710F00142A47 /* PersonCollectionViewCell.swift */ = {isa = PBXFileReference; lastKnownFileType = sourcecode.swift; path = PersonCollectionViewCell.swift; sourceTree = "<group>"; };
		2C90B6F32ACF0CC500682DD3 /* Person.swift */ = {isa = PBXFileReference; lastKnownFileType = sourcecode.swift; path = Person.swift; sourceTree = "<group>"; };
/* End PBXFileReference section */

/* Begin PBXFrameworksBuildPhase section */
		2C8AA65B2ACD6EC900142A47 /* Frameworks */ = {
			isa = PBXFrameworksBuildPhase;
			buildActionMask = 2147483647;
			files = (
			);
			runOnlyForDeploymentPostprocessing = 0;
		};
/* End PBXFrameworksBuildPhase section */

/* Begin PBXGroup section */
		2C8AA6552ACD6EC900142A47 = {
			isa = PBXGroup;
			children = (
				2C8AA6602ACD6EC900142A47 /* Project 12b - UserDefaults */,
				2C8AA65F2ACD6EC900142A47 /* Products */,
			);
			sourceTree = "<group>";
		};
		2C8AA65F2ACD6EC900142A47 /* Products */ = {
			isa = PBXGroup;
			children = (
				2C8AA65E2ACD6EC900142A47 /* Project 12b - UserDefaults.app */,
			);
			name = Products;
			sourceTree = "<group>";
		};
		2C8AA6602ACD6EC900142A47 /* Project 12b - UserDefaults */ = {
			isa = PBXGroup;
			children = (
				2C8AA6612ACD6EC900142A47 /* AppDelegate.swift */,
				2C8AA6632ACD6EC900142A47 /* SceneDelegate.swift */,
				2C8AA6652ACD6EC900142A47 /* MainCollectionViewController.swift */,
				2C8AA6752ACD710F00142A47 /* PersonCollectionViewCell.swift */,
				2C90B6F32ACF0CC500682DD3 /* Person.swift */,
				2C8AA6672ACD6EC900142A47 /* Main.storyboard */,
				2C8AA66A2ACD6ECA00142A47 /* Assets.xcassets */,
				2C8AA66C2ACD6ECA00142A47 /* LaunchScreen.storyboard */,
				2C8AA66F2ACD6ECA00142A47 /* Info.plist */,
			);
			path = "Project 12b - UserDefaults";
			sourceTree = "<group>";
		};
/* End PBXGroup section */

/* Begin PBXNativeTarget section */
		2C8AA65D2ACD6EC900142A47 /* Project 12b - UserDefaults */ = {
			isa = PBXNativeTarget;
			buildConfigurationList = 2C8AA6722ACD6ECA00142A47 /* Build configuration list for PBXNativeTarget "Project 12b - UserDefaults" */;
			buildPhases = (
				2C8AA65A2ACD6EC900142A47 /* Sources */,
				2C8AA65B2ACD6EC900142A47 /* Frameworks */,
				2C8AA65C2ACD6EC900142A47 /* Resources */,
			);
			buildRules = (
			);
			dependencies = (
			);
			name = "Project 12b - UserDefaults";
			productName = Project10_collectionview;
			productReference = 2C8AA65E2ACD6EC900142A47 /* Project 12b - UserDefaults.app */;
			productType = "com.apple.product-type.application";
		};
/* End PBXNativeTarget section */

/* Begin PBXProject section */
		2C8AA6562ACD6EC900142A47 /* Project object */ = {
			isa = PBXProject;
			attributes = {
				BuildIndependentTargetsInParallel = 1;
				LastSwiftUpdateCheck = 1430;
				LastUpgradeCheck = 1430;
				TargetAttributes = {
					2C8AA65D2ACD6EC900142A47 = {
						CreatedOnToolsVersion = 14.3;
					};
				};
			};
			buildConfigurationList = 2C8AA6592ACD6EC900142A47 /* Build configuration list for PBXProject "Project 12b - UserDefaults" */;
			compatibilityVersion = "Xcode 14.0";
			developmentRegion = en;
			hasScannedForEncodings = 0;
			knownRegions = (
				en,
				Base,
			);
			mainGroup = 2C8AA6552ACD6EC900142A47;
			productRefGroup = 2C8AA65F2ACD6EC900142A47 /* Products */;
			projectDirPath = "";
			projectRoot = "";
			targets = (
				2C8AA65D2ACD6EC900142A47 /* Project 12b - UserDefaults */,
			);
		};
/* End PBXProject section */

/* Begin PBXResourcesBuildPhase section */
		2C8AA65C2ACD6EC900142A47 /* Resources */ = {
			isa = PBXResourcesBuildPhase;
			buildActionMask = 2147483647;
			files = (
				2C8AA66E2ACD6ECA00142A47 /* LaunchScreen.storyboard in Resources */,
				2C8AA66B2ACD6ECA00142A47 /* Assets.xcassets in Resources */,
				2C8AA6692ACD6EC900142A47 /* Main.storyboard in Resources */,
			);
			runOnlyForDeploymentPostprocessing = 0;
		};
/* End PBXResourcesBuildPhase section */

/* Begin PBXSourcesBuildPhase section */
		2C8AA65A2ACD6EC900142A47 /* Sources */ = {
			isa = PBXSourcesBuildPhase;
			buildActionMask = 2147483647;
			files = (
				2C90B6F42ACF0CC500682DD3 /* Person.swift in Sources */,
				2C8AA6662ACD6EC900142A47 /* MainCollectionViewController.swift in Sources */,
				2C8AA6622ACD6EC900142A47 /* AppDelegate.swift in Sources */,
				2C8AA6642ACD6EC900142A47 /* SceneDelegate.swift in Sources */,
				2C8AA6762ACD710F00142A47 /* PersonCollectionViewCell.swift in Sources */,
			);
			runOnlyForDeploymentPostprocessing = 0;
		};
/* End PBXSourcesBuildPhase section */

/* Begin PBXVariantGroup section */
		2C8AA6672ACD6EC900142A47 /* Main.storyboard */ = {
			isa = PBXVariantGroup;
			children = (
				2C8AA6682ACD6EC900142A47 /* Base */,
			);
			name = Main.storyboard;
			sourceTree = "<group>";
		};
		2C8AA66C2ACD6ECA00142A47 /* LaunchScreen.storyboard */ = {
			isa = PBXVariantGroup;
			children = (
				2C8AA66D2ACD6ECA00142A47 /* Base */,
			);
			name = LaunchScreen.storyboard;
			sourceTree = "<group>";
		};
/* End PBXVariantGroup section */

/* Begin XCBuildConfiguration section */
		2C8AA6702ACD6ECA00142A47 /* Debug */ = {
			isa = XCBuildConfiguration;
			buildSettings = {
				ALWAYS_SEARCH_USER_PATHS = NO;
				CLANG_ANALYZER_NONNULL = YES;
				CLANG_ANALYZER_NUMBER_OBJECT_CONVERSION = YES_AGGRESSIVE;
				CLANG_CXX_LANGUAGE_STANDARD = "gnu++20";
				CLANG_ENABLE_MODULES = YES;
				CLANG_ENABLE_OBJC_ARC = YES;
				CLANG_ENABLE_OBJC_WEAK = YES;
				CLANG_WARN_BLOCK_CAPTURE_AUTORELEASING = YES;
				CLANG_WARN_BOOL_CONVERSION = YES;
				CLANG_WARN_COMMA = YES;
				CLANG_WARN_CONSTANT_CONVERSION = YES;
				CLANG_WARN_DEPRECATED_OBJC_IMPLEMENTATIONS = YES;
				CLANG_WARN_DIRECT_OBJC_ISA_USAGE = YES_ERROR;
				CLANG_WARN_DOCUMENTATION_COMMENTS = YES;
				CLANG_WARN_EMPTY_BODY = YES;
				CLANG_WARN_ENUM_CONVERSION = YES;
				CLANG_WARN_INFINITE_RECURSION = YES;
				CLANG_WARN_INT_CONVERSION = YES;
				CLANG_WARN_NON_LITERAL_NULL_CONVERSION = YES;
				CLANG_WARN_OBJC_IMPLICIT_RETAIN_SELF = YES;
				CLANG_WARN_OBJC_LITERAL_CONVERSION = YES;
				CLANG_WARN_OBJC_ROOT_CLASS = YES_ERROR;
				CLANG_WARN_QUOTED_INCLUDE_IN_FRAMEWORK_HEADER = YES;
				CLANG_WARN_RANGE_LOOP_ANALYSIS = YES;
				CLANG_WARN_STRICT_PROTOTYPES = YES;
				CLANG_WARN_SUSPICIOUS_MOVE = YES;
				CLANG_WARN_UNGUARDED_AVAILABILITY = YES_AGGRESSIVE;
				CLANG_WARN_UNREACHABLE_CODE = YES;
				CLANG_WARN__DUPLICATE_METHOD_MATCH = YES;
				COPY_PHASE_STRIP = NO;
				DEBUG_INFORMATION_FORMAT = dwarf;
				ENABLE_STRICT_OBJC_MSGSEND = YES;
				ENABLE_TESTABILITY = YES;
				GCC_C_LANGUAGE_STANDARD = gnu11;
				GCC_DYNAMIC_NO_PIC = NO;
				GCC_NO_COMMON_BLOCKS = YES;
				GCC_OPTIMIZATION_LEVEL = 0;
				GCC_PREPROCESSOR_DEFINITIONS = (
					"DEBUG=1",
					"$(inherited)",
				);
				GCC_WARN_64_TO_32_BIT_CONVERSION = YES;
				GCC_WARN_ABOUT_RETURN_TYPE = YES_ERROR;
				GCC_WARN_UNDECLARED_SELECTOR = YES;
				GCC_WARN_UNINITIALIZED_AUTOS = YES_AGGRESSIVE;
				GCC_WARN_UNUSED_FUNCTION = YES;
				GCC_WARN_UNUSED_VARIABLE = YES;
				IPHONEOS_DEPLOYMENT_TARGET = 16.4;
				MTL_ENABLE_DEBUG_INFO = INCLUDE_SOURCE;
				MTL_FAST_MATH = YES;
				ONLY_ACTIVE_ARCH = YES;
				SDKROOT = iphoneos;
				SWIFT_ACTIVE_COMPILATION_CONDITIONS = DEBUG;
				SWIFT_OPTIMIZATION_LEVEL = "-Onone";
			};
			name = Debug;
		};
		2C8AA6712ACD6ECA00142A47 /* Release */ = {
			isa = XCBuildConfiguration;
			buildSettings = {
				ALWAYS_SEARCH_USER_PATHS = NO;
				CLANG_ANALYZER_NONNULL = YES;
				CLANG_ANALYZER_NUMBER_OBJECT_CONVERSION = YES_AGGRESSIVE;
				CLANG_CXX_LANGUAGE_STANDARD = "gnu++20";
				CLANG_ENABLE_MODULES = YES;
				CLANG_ENABLE_OBJC_ARC = YES;
				CLANG_ENABLE_OBJC_WEAK = YES;
				CLANG_WARN_BLOCK_CAPTURE_AUTORELEASING = YES;
				CLANG_WARN_BOOL_CONVERSION = YES;
				CLANG_WARN_COMMA = YES;
				CLANG_WARN_CONSTANT_CONVERSION = YES;
				CLANG_WARN_DEPRECATED_OBJC_IMPLEMENTATIONS = YES;
				CLANG_WARN_DIRECT_OBJC_ISA_USAGE = YES_ERROR;
				CLANG_WARN_DOCUMENTATION_COMMENTS = YES;
				CLANG_WARN_EMPTY_BODY = YES;
				CLANG_WARN_ENUM_CONVERSION = YES;
				CLANG_WARN_INFINITE_RECURSION = YES;
				CLANG_WARN_INT_CONVERSION = YES;
				CLANG_WARN_NON_LITERAL_NULL_CONVERSION = YES;
				CLANG_WARN_OBJC_IMPLICIT_RETAIN_SELF = YES;
				CLANG_WARN_OBJC_LITERAL_CONVERSION = YES;
				CLANG_WARN_OBJC_ROOT_CLASS = YES_ERROR;
				CLANG_WARN_QUOTED_INCLUDE_IN_FRAMEWORK_HEADER = YES;
				CLANG_WARN_RANGE_LOOP_ANALYSIS = YES;
				CLANG_WARN_STRICT_PROTOTYPES = YES;
				CLANG_WARN_SUSPICIOUS_MOVE = YES;
				CLANG_WARN_UNGUARDED_AVAILABILITY = YES_AGGRESSIVE;
				CLANG_WARN_UNREACHABLE_CODE = YES;
				CLANG_WARN__DUPLICATE_METHOD_MATCH = YES;
				COPY_PHASE_STRIP = NO;
				DEBUG_INFORMATION_FORMAT = "dwarf-with-dsym";
				ENABLE_NS_ASSERTIONS = NO;
				ENABLE_STRICT_OBJC_MSGSEND = YES;
				GCC_C_LANGUAGE_STANDARD = gnu11;
				GCC_NO_COMMON_BLOCKS = YES;
				GCC_WARN_64_TO_32_BIT_CONVERSION = YES;
				GCC_WARN_ABOUT_RETURN_TYPE = YES_ERROR;
				GCC_WARN_UNDECLARED_SELECTOR = YES;
				GCC_WARN_UNINITIALIZED_AUTOS = YES_AGGRESSIVE;
				GCC_WARN_UNUSED_FUNCTION = YES;
				GCC_WARN_UNUSED_VARIABLE = YES;
				IPHONEOS_DEPLOYMENT_TARGET = 16.4;
				MTL_ENABLE_DEBUG_INFO = NO;
				MTL_FAST_MATH = YES;
				SDKROOT = iphoneos;
				SWIFT_COMPILATION_MODE = wholemodule;
				SWIFT_OPTIMIZATION_LEVEL = "-O";
				VALIDATE_PRODUCT = YES;
			};
			name = Release;
		};
		2C8AA6732ACD6ECA00142A47 /* Debug */ = {
			isa = XCBuildConfiguration;
			buildSettings = {
				ASSETCATALOG_COMPILER_APPICON_NAME = AppIcon;
				ASSETCATALOG_COMPILER_GLOBAL_ACCENT_COLOR_NAME = AccentColor;
				CODE_SIGN_STYLE = Automatic;
				CURRENT_PROJECT_VERSION = 1;
				DEVELOPMENT_TEAM = DFZ4MU84W6;
				GENERATE_INFOPLIST_FILE = YES;
				INFOPLIST_FILE = "${PRODUCT_NAME}/Info.plist";
				INFOPLIST_KEY_NSCameraUsageDescription = "To import your photos in our app";
				INFOPLIST_KEY_UIApplicationSupportsIndirectInputEvents = YES;
				INFOPLIST_KEY_UILaunchStoryboardName = LaunchScreen;
				INFOPLIST_KEY_UIMainStoryboardFile = Main;
				INFOPLIST_KEY_UISupportedInterfaceOrientations_iPad = "UIInterfaceOrientationPortrait UIInterfaceOrientationPortraitUpsideDown UIInterfaceOrientationLandscapeLeft UIInterfaceOrientationLandscapeRight";
				INFOPLIST_KEY_UISupportedInterfaceOrientations_iPhone = "UIInterfaceOrientationPortrait UIInterfaceOrientationLandscapeLeft UIInterfaceOrientationLandscapeRight";
				IPHONEOS_DEPLOYMENT_TARGET = 16.0;
				LD_RUNPATH_SEARCH_PATHS = (
					"$(inherited)",
					"@executable_path/Frameworks",
				);
				MARKETING_VERSION = 1.0;
				PRODUCT_BUNDLE_IDENTIFIER = "berserk.Project12b-collectionview";
				PRODUCT_NAME = "$(TARGET_NAME)";
				SWIFT_EMIT_LOC_STRINGS = YES;
				SWIFT_VERSION = 5.0;
				TARGETED_DEVICE_FAMILY = "1,2";
			};
			name = Debug;
		};
		2C8AA6742ACD6ECA00142A47 /* Release */ = {
			isa = XCBuildConfiguration;
			buildSettings = {
				ASSETCATALOG_COMPILER_APPICON_NAME = AppIcon;
				ASSETCATALOG_COMPILER_GLOBAL_ACCENT_COLOR_NAME = AccentColor;
				CODE_SIGN_STYLE = Automatic;
				CURRENT_PROJECT_VERSION = 1;
				DEVELOPMENT_TEAM = DFZ4MU84W6;
				GENERATE_INFOPLIST_FILE = YES;
				INFOPLIST_FILE = "${PRODUCT_NAME}/Info.plist";
				INFOPLIST_KEY_NSCameraUsageDescription = "To import your photos in our app";
				INFOPLIST_KEY_UIApplicationSupportsIndirectInputEvents = YES;
				INFOPLIST_KEY_UILaunchStoryboardName = LaunchScreen;
				INFOPLIST_KEY_UIMainStoryboardFile = Main;
				INFOPLIST_KEY_UISupportedInterfaceOrientations_iPad = "UIInterfaceOrientationPortrait UIInterfaceOrientationPortraitUpsideDown UIInterfaceOrientationLandscapeLeft UIInterfaceOrientationLandscapeRight";
				INFOPLIST_KEY_UISupportedInterfaceOrientations_iPhone = "UIInterfaceOrientationPortrait UIInterfaceOrientationLandscapeLeft UIInterfaceOrientationLandscapeRight";
				IPHONEOS_DEPLOYMENT_TARGET = 16.0;
				LD_RUNPATH_SEARCH_PATHS = (
					"$(inherited)",
					"@executable_path/Frameworks",
				);
				MARKETING_VERSION = 1.0;
				PRODUCT_BUNDLE_IDENTIFIER = "berserk.Project12b-collectionview";
				PRODUCT_NAME = "$(TARGET_NAME)";
				SWIFT_EMIT_LOC_STRINGS = YES;
				SWIFT_VERSION = 5.0;
				TARGETED_DEVICE_FAMILY = "1,2";
			};
			name = Release;
		};
/* End XCBuildConfiguration section */

/* Begin XCConfigurationList section */
		2C8AA6592ACD6EC900142A47 /* Build configuration list for PBXProject "Project 12b - UserDefaults" */ = {
			isa = XCConfigurationList;
			buildConfigurations = (
				2C8AA6702ACD6ECA00142A47 /* Debug */,
				2C8AA6712ACD6ECA00142A47 /* Release */,
			);
			defaultConfigurationIsVisible = 0;
			defaultConfigurationName = Release;
		};
		2C8AA6722ACD6ECA00142A47 /* Build configuration list for PBXNativeTarget "Project 12b - UserDefaults" */ = {
			isa = XCConfigurationList;
			buildConfigurations = (
				2C8AA6732ACD6ECA00142A47 /* Debug */,
				2C8AA6742ACD6ECA00142A47 /* Release */,
			);
			defaultConfigurationIsVisible = 0;
			defaultConfigurationName = Release;
		};
/* End XCConfigurationList section */
	};
	rootObject = 2C8AA6562ACD6EC900142A47 /* Project object */;
}
